PODS:
  - Alamofire (5.6.4)
  - Moya (15.0.0):
    - Moya/Core (= 15.0.0)
  - Moya/Core (15.0.0):
    - Alamofire (~> 5.0)
  - Moya/ReactiveSwift (15.0.0):
    - Moya/Core
    - ReactiveSwift (~> 6.6.1)
  - Moya/RxSwift (15.0.0):
    - Moya/Core
    - RxSwift (~> 6.0)
  - ReactiveSwift (6.6.1)
  - RxSwift (6.5.0)
  - SwiftyJSON (4.3.0)

DEPENDENCIES:
  - Moya (~> 15.0)
  - Moya/ReactiveSwift (~> 15.0)
  - Moya/RxSwift (~> 15.0)
  - SwiftyJSON (~> 4.0)

SPEC REPOS:
  trunk:
    - Alamofire
    - Moya
    - ReactiveSwift
    - RxSwift
    - SwiftyJSON

SPEC CHECKSUMS:
  Alamofire: 4e95d97098eacb88856099c4fc79b526a299e48c
  Moya: 138f0573e53411fb3dc17016add0b748dfbd78ee
  ReactiveSwift: fab34244ad908808dc822bae352a058c8837c4ca
  RxSwift: 5710a9e6b17f3c3d6e40d6e559b9fa1e813b2ef8
  SwiftyJSON: 6faa0040f8b59dead0ee07436cbf76b73c08fd08

PODFILE CHECKSUM: a1bd64b87c99b6b6577eb5740d85d6480eff1721

COCOAPODS: 1.11.3
