// !$*UTF8*$!
{
	archiveVersion = 1;
	classes = {
	};
	objectVersion = 56;
	objects = {

/* Begin PBXBuildFile section */
		500B7685691E44F6538D9959 /* Pods_demo03_demo03UITests.framework in Frameworks */ = {isa = PBXBuildFile; fileRef = 21C9E14F36D3AF3B6CF24C71 /* Pods_demo03_demo03UITests.framework */; };
		78D2BD922A8DA38D1E1A562E /* Pods_demo03.framework in Frameworks */ = {isa = PBXBuildFile; fileRef = C323FA06C9138B5805B90625 /* Pods_demo03.framework */; };
		A20D85B1298FC7FB0007E370 /* SecondViewController.swift in Sources */ = {isa = PBXBuildFile; fileRef = A20D85B0298FC7FB0007E370 /* SecondViewController.swift */; };
		A20D85B3298FD5D80007E370 /* ChooseViewController.swift in Sources */ = {isa = PBXBuildFile; fileRef = A20D85B2298FD5D80007E370 /* ChooseViewController.swift */; };
		A20D85B5298FD6550007E370 /* ChooseDelegate.swift in Sources */ = {isa = PBXBuildFile; fileRef = A20D85B4298FD6550007E370 /* ChooseDelegate.swift */; };
		A20D85B729901C8E0007E370 /* MySharedData.swift in Sources */ = {isa = PBXBuildFile; fileRef = A20D85B629901C8E0007E370 /* MySharedData.swift */; };
		A20D85B929901F210007E370 /* DemoAPI.swift in Sources */ = {isa = PBXBuildFile; fileRef = A20D85B829901F210007E370 /* DemoAPI.swift */; };
		A20D85BD2990220F0007E370 /* UserTableViewController.swift in Sources */ = {isa = PBXBuildFile; fileRef = A20D85BC2990220F0007E370 /* UserTableViewController.swift */; };
		A23951512983D3950054B4C6 /* SnapshotHelper.swift in Sources */ = {isa = PBXBuildFile; fileRef = A23951502983D3950054B4C6 /* SnapshotHelper.swift */; };
		A2F70D7B2983874800779DCB /* AppDelegate.swift in Sources */ = {isa = PBXBuildFile; fileRef = A2F70D7A2983874800779DCB /* AppDelegate.swift */; };
		A2F70D7D2983874800779DCB /* SceneDelegate.swift in Sources */ = {isa = PBXBuildFile; fileRef = A2F70D7C2983874800779DCB /* SceneDelegate.swift */; };
		A2F70D7F2983874800779DCB /* ViewController.swift in Sources */ = {isa = PBXBuildFile; fileRef = A2F70D7E2983874800779DCB /* ViewController.swift */; };
		A2F70D822983874800779DCB /* Main.storyboard in Resources */ = {isa = PBXBuildFile; fileRef = A2F70D802983874800779DCB /* Main.storyboard */; };
		A2F70D842983874A00779DCB /* Assets.xcassets in Resources */ = {isa = PBXBuildFile; fileRef = A2F70D832983874A00779DCB /* Assets.xcassets */; };
		A2F70D872983874A00779DCB /* LaunchScreen.storyboard in Resources */ = {isa = PBXBuildFile; fileRef = A2F70D852983874A00779DCB /* LaunchScreen.storyboard */; };
		A2F70D922983874A00779DCB /* demo03Tests.swift in Sources */ = {isa = PBXBuildFile; fileRef = A2F70D912983874A00779DCB /* demo03Tests.swift */; };
		A2F70D9C2983874A00779DCB /* demo03UITests.swift in Sources */ = {isa = PBXBuildFile; fileRef = A2F70D9B2983874A00779DCB /* demo03UITests.swift */; };
		A2F70D9E2983874A00779DCB /* demo03UITestsLaunchTests.swift in Sources */ = {isa = PBXBuildFile; fileRef = A2F70D9D2983874A00779DCB /* demo03UITestsLaunchTests.swift */; };
		A2F70DAC2983A76600779DCB /* API.swift in Sources */ = {isa = PBXBuildFile; fileRef = A2F70DAB2983A76600779DCB /* API.swift */; };
		B81BB960F0EF9AB605593C4E /* Pods_demo03Tests.framework in Frameworks */ = {isa = PBXBuildFile; fileRef = 389BC82DF4FECDBCEAD1CC4B /* Pods_demo03Tests.framework */; };
/* End PBXBuildFile section */

/* Begin PBXContainerItemProxy section */
		A2F70D8E2983874A00779DCB /* PBXContainerItemProxy */ = {
			isa = PBXContainerItemProxy;
			containerPortal = A2F70D6F2983874800779DCB /* Project object */;
			proxyType = 1;
			remoteGlobalIDString = A2F70D762983874800779DCB;
			remoteInfo = demo03;
		};
		A2F70D982983874A00779DCB /* PBXContainerItemProxy */ = {
			isa = PBXContainerItemProxy;
			containerPortal = A2F70D6F2983874800779DCB /* Project object */;
			proxyType = 1;
			remoteGlobalIDString = A2F70D762983874800779DCB;
			remoteInfo = demo03;
		};
/* End PBXContainerItemProxy section */

/* Begin PBXFileReference section */
		21C9E14F36D3AF3B6CF24C71 /* Pods_demo03_demo03UITests.framework */ = {isa = PBXFileReference; explicitFileType = wrapper.framework; includeInIndex = 0; path = Pods_demo03_demo03UITests.framework; sourceTree = BUILT_PRODUCTS_DIR; };
		237A29832982AE7404EFF42B /* Pods-demo03-demo03UITests.debug.xcconfig */ = {isa = PBXFileReference; includeInIndex = 1; lastKnownFileType = text.xcconfig; name = "Pods-demo03-demo03UITests.debug.xcconfig"; path = "Target Support Files/Pods-demo03-demo03UITests/Pods-demo03-demo03UITests.debug.xcconfig"; sourceTree = "<group>"; };
		28D179187E9DF46D5E999DD7 /* Pods-demo03-demo03UITests.release.xcconfig */ = {isa = PBXFileReference; includeInIndex = 1; lastKnownFileType = text.xcconfig; name = "Pods-demo03-demo03UITests.release.xcconfig"; path = "Target Support Files/Pods-demo03-demo03UITests/Pods-demo03-demo03UITests.release.xcconfig"; sourceTree = "<group>"; };
		3021256DA8D50E2C78B7F88E /* Pods-demo03.release.xcconfig */ = {isa = PBXFileReference; includeInIndex = 1; lastKnownFileType = text.xcconfig; name = "Pods-demo03.release.xcconfig"; path = "Target Support Files/Pods-demo03/Pods-demo03.release.xcconfig"; sourceTree = "<group>"; };
		389BC82DF4FECDBCEAD1CC4B /* Pods_demo03Tests.framework */ = {isa = PBXFileReference; explicitFileType = wrapper.framework; includeInIndex = 0; path = Pods_demo03Tests.framework; sourceTree = BUILT_PRODUCTS_DIR; };
		57759EB73E0FA401A00F7983 /* Pods-demo03.debug.xcconfig */ = {isa = PBXFileReference; includeInIndex = 1; lastKnownFileType = text.xcconfig; name = "Pods-demo03.debug.xcconfig"; path = "Target Support Files/Pods-demo03/Pods-demo03.debug.xcconfig"; sourceTree = "<group>"; };
		893718FCA0129BC7D11154E8 /* Pods-demo03Tests.release.xcconfig */ = {isa = PBXFileReference; includeInIndex = 1; lastKnownFileType = text.xcconfig; name = "Pods-demo03Tests.release.xcconfig"; path = "Target Support Files/Pods-demo03Tests/Pods-demo03Tests.release.xcconfig"; sourceTree = "<group>"; };
		9B4EDB9F967CD5A7202FFDEC /* Pods-demo03Tests.debug.xcconfig */ = {isa = PBXFileReference; includeInIndex = 1; lastKnownFileType = text.xcconfig; name = "Pods-demo03Tests.debug.xcconfig"; path = "Target Support Files/Pods-demo03Tests/Pods-demo03Tests.debug.xcconfig"; sourceTree = "<group>"; };
		A20D85B0298FC7FB0007E370 /* SecondViewController.swift */ = {isa = PBXFileReference; lastKnownFileType = sourcecode.swift; path = SecondViewController.swift; sourceTree = "<group>"; };
		A20D85B2298FD5D80007E370 /* ChooseViewController.swift */ = {isa = PBXFileReference; lastKnownFileType = sourcecode.swift; path = ChooseViewController.swift; sourceTree = "<group>"; };
		A20D85B4298FD6550007E370 /* ChooseDelegate.swift */ = {isa = PBXFileReference; lastKnownFileType = sourcecode.swift; path = ChooseDelegate.swift; sourceTree = "<group>"; };
		A20D85B629901C8E0007E370 /* MySharedData.swift */ = {isa = PBXFileReference; lastKnownFileType = sourcecode.swift; path = MySharedData.swift; sourceTree = "<group>"; };
		A20D85B829901F210007E370 /* DemoAPI.swift */ = {isa = PBXFileReference; lastKnownFileType = sourcecode.swift; path = DemoAPI.swift; sourceTree = "<group>"; };
		A20D85BC2990220F0007E370 /* UserTableViewController.swift */ = {isa = PBXFileReference; lastKnownFileType = sourcecode.swift; path = UserTableViewController.swift; sourceTree = "<group>"; };
		A23951502983D3950054B4C6 /* SnapshotHelper.swift */ = {isa = PBXFileReference; fileEncoding = 4; lastKnownFileType = sourcecode.swift; name = SnapshotHelper.swift; path = fastlane/SnapshotHelper.swift; sourceTree = SOURCE_ROOT; };
		A2F70D772983874800779DCB /* demo03.app */ = {isa = PBXFileReference; explicitFileType = wrapper.application; includeInIndex = 0; path = demo03.app; sourceTree = BUILT_PRODUCTS_DIR; };
		A2F70D7A2983874800779DCB /* AppDelegate.swift */ = {isa = PBXFileReference; lastKnownFileType = sourcecode.swift; path = AppDelegate.swift; sourceTree = "<group>"; };
		A2F70D7C2983874800779DCB /* SceneDelegate.swift */ = {isa = PBXFileReference; lastKnownFileType = sourcecode.swift; path = SceneDelegate.swift; sourceTree = "<group>"; };
		A2F70D7E2983874800779DCB /* ViewController.swift */ = {isa = PBXFileReference; lastKnownFileType = sourcecode.swift; path = ViewController.swift; sourceTree = "<group>"; };
		A2F70D812983874800779DCB /* Base */ = {isa = PBXFileReference; lastKnownFileType = file.storyboard; name = Base; path = Base.lproj/Main.storyboard; sourceTree = "<group>"; };
		A2F70D832983874A00779DCB /* Assets.xcassets */ = {isa = PBXFileReference; lastKnownFileType = folder.assetcatalog; path = Assets.xcassets; sourceTree = "<group>"; };
		A2F70D862983874A00779DCB /* Base */ = {isa = PBXFileReference; lastKnownFileType = file.storyboard; name = Base; path = Base.lproj/LaunchScreen.storyboard; sourceTree = "<group>"; };
		A2F70D882983874A00779DCB /* Info.plist */ = {isa = PBXFileReference; lastKnownFileType = text.plist.xml; path = Info.plist; sourceTree = "<group>"; };
		A2F70D8D2983874A00779DCB /* demo03Tests.xctest */ = {isa = PBXFileReference; explicitFileType = wrapper.cfbundle; includeInIndex = 0; path = demo03Tests.xctest; sourceTree = BUILT_PRODUCTS_DIR; };
		A2F70D912983874A00779DCB /* demo03Tests.swift */ = {isa = PBXFileReference; lastKnownFileType = sourcecode.swift; path = demo03Tests.swift; sourceTree = "<group>"; };
		A2F70D972983874A00779DCB /* demo03UITests.xctest */ = {isa = PBXFileReference; explicitFileType = wrapper.cfbundle; includeInIndex = 0; path = demo03UITests.xctest; sourceTree = BUILT_PRODUCTS_DIR; };
		A2F70D9B2983874A00779DCB /* demo03UITests.swift */ = {isa = PBXFileReference; lastKnownFileType = sourcecode.swift; path = demo03UITests.swift; sourceTree = "<group>"; };
		A2F70D9D2983874A00779DCB /* demo03UITestsLaunchTests.swift */ = {isa = PBXFileReference; lastKnownFileType = sourcecode.swift; path = demo03UITestsLaunchTests.swift; sourceTree = "<group>"; };
		A2F70DAB2983A76600779DCB /* API.swift */ = {isa = PBXFileReference; lastKnownFileType = sourcecode.swift; path = API.swift; sourceTree = "<group>"; };
		C323FA06C9138B5805B90625 /* Pods_demo03.framework */ = {isa = PBXFileReference; explicitFileType = wrapper.framework; includeInIndex = 0; path = Pods_demo03.framework; sourceTree = BUILT_PRODUCTS_DIR; };
/* End PBXFileReference section */

/* Begin PBXFrameworksBuildPhase section */
		A2F70D742983874800779DCB /* Frameworks */ = {
			isa = PBXFrameworksBuildPhase;
			buildActionMask = 2147483647;
			files = (
				78D2BD922A8DA38D1E1A562E /* Pods_demo03.framework in Frameworks */,
			);
			runOnlyForDeploymentPostprocessing = 0;
		};
		A2F70D8A2983874A00779DCB /* Frameworks */ = {
			isa = PBXFrameworksBuildPhase;
			buildActionMask = 2147483647;
			files = (
				B81BB960F0EF9AB605593C4E /* Pods_demo03Tests.framework in Frameworks */,
			);
			runOnlyForDeploymentPostprocessing = 0;
		};
		A2F70D942983874A00779DCB /* Frameworks */ = {
			isa = PBXFrameworksBuildPhase;
			buildActionMask = 2147483647;
			files = (
				500B7685691E44F6538D9959 /* Pods_demo03_demo03UITests.framework in Frameworks */,
			);
			runOnlyForDeploymentPostprocessing = 0;
		};
/* End PBXFrameworksBuildPhase section */

/* Begin PBXGroup section */
		504D47CFEFCE8C939BEFF9B4 /* Pods */ = {
			isa = PBXGroup;
			children = (
				57759EB73E0FA401A00F7983 /* Pods-demo03.debug.xcconfig */,
				3021256DA8D50E2C78B7F88E /* Pods-demo03.release.xcconfig */,
				237A29832982AE7404EFF42B /* Pods-demo03-demo03UITests.debug.xcconfig */,
				28D179187E9DF46D5E999DD7 /* Pods-demo03-demo03UITests.release.xcconfig */,
				9B4EDB9F967CD5A7202FFDEC /* Pods-demo03Tests.debug.xcconfig */,
				893718FCA0129BC7D11154E8 /* Pods-demo03Tests.release.xcconfig */,
			);
			path = Pods;
			sourceTree = "<group>";
		};
		A2F70D6E2983874800779DCB = {
			isa = PBXGroup;
			children = (
				A2F70D792983874800779DCB /* demo03 */,
				A2F70D902983874A00779DCB /* demo03Tests */,
				A2F70D9A2983874A00779DCB /* demo03UITests */,
				A2F70D782983874800779DCB /* Products */,
				504D47CFEFCE8C939BEFF9B4 /* Pods */,
				CC11DE31569B9A9D0D6937AE /* Frameworks */,
			);
			sourceTree = "<group>";
		};
		A2F70D782983874800779DCB /* Products */ = {
			isa = PBXGroup;
			children = (
				A2F70D772983874800779DCB /* demo03.app */,
				A2F70D8D2983874A00779DCB /* demo03Tests.xctest */,
				A2F70D972983874A00779DCB /* demo03UITests.xctest */,
			);
			name = Products;
			sourceTree = "<group>";
		};
		A2F70D792983874800779DCB /* demo03 */ = {
			isa = PBXGroup;
			children = (
				A2F70D7A2983874800779DCB /* AppDelegate.swift */,
				A2F70D7C2983874800779DCB /* SceneDelegate.swift */,
				A2F70D7E2983874800779DCB /* ViewController.swift */,
				A2F70D802983874800779DCB /* Main.storyboard */,
				A2F70D832983874A00779DCB /* Assets.xcassets */,
				A2F70D852983874A00779DCB /* LaunchScreen.storyboard */,
				A2F70D882983874A00779DCB /* Info.plist */,
				A2F70DAB2983A76600779DCB /* API.swift */,
				A20D85B0298FC7FB0007E370 /* SecondViewController.swift */,
				A20D85B2298FD5D80007E370 /* ChooseViewController.swift */,
				A20D85B4298FD6550007E370 /* ChooseDelegate.swift */,
				A20D85B629901C8E0007E370 /* MySharedData.swift */,
				A20D85B829901F210007E370 /* DemoAPI.swift */,
				A20D85BC2990220F0007E370 /* UserTableViewController.swift */,
			);
			path = demo03;
			sourceTree = "<group>";
		};
		A2F70D902983874A00779DCB /* demo03Tests */ = {
			isa = PBXGroup;
			children = (
				A2F70D912983874A00779DCB /* demo03Tests.swift */,
			);
			path = demo03Tests;
			sourceTree = "<group>";
		};
		A2F70D9A2983874A00779DCB /* demo03UITests */ = {
			isa = PBXGroup;
			children = (
				A23951502983D3950054B4C6 /* SnapshotHelper.swift */,
				A2F70D9B2983874A00779DCB /* demo03UITests.swift */,
				A2F70D9D2983874A00779DCB /* demo03UITestsLaunchTests.swift */,
			);
			path = demo03UITests;
			sourceTree = "<group>";
		};
		CC11DE31569B9A9D0D6937AE /* Frameworks */ = {
			isa = PBXGroup;
			children = (
				C323FA06C9138B5805B90625 /* Pods_demo03.framework */,
				21C9E14F36D3AF3B6CF24C71 /* Pods_demo03_demo03UITests.framework */,
				389BC82DF4FECDBCEAD1CC4B /* Pods_demo03Tests.framework */,
			);
			name = Frameworks;
			sourceTree = "<group>";
		};
/* End PBXGroup section */

/* Begin PBXNativeTarget section */
		A2F70D762983874800779DCB /* demo03 */ = {
			isa = PBXNativeTarget;
			buildConfigurationList = A2F70DA12983874A00779DCB /* Build configuration list for PBXNativeTarget "demo03" */;
			buildPhases = (
				344EC8DB417A012C37301D3B /* [CP] Check Pods Manifest.lock */,
				A2F70D732983874800779DCB /* Sources */,
				A2F70D742983874800779DCB /* Frameworks */,
				A2F70D752983874800779DCB /* Resources */,
				AE7D3ADCEE1C020F82E87554 /* [CP] Embed Pods Frameworks */,
			);
			buildRules = (
			);
			dependencies = (
			);
			name = demo03;
			productName = demo03;
			productReference = A2F70D772983874800779DCB /* demo03.app */;
			productType = "com.apple.product-type.application";
		};
		A2F70D8C2983874A00779DCB /* demo03Tests */ = {
			isa = PBXNativeTarget;
			buildConfigurationList = A2F70DA42983874A00779DCB /* Build configuration list for PBXNativeTarget "demo03Tests" */;
			buildPhases = (
				BB6143517EC8CA19BEA3F432 /* [CP] Check Pods Manifest.lock */,
				A2F70D892983874A00779DCB /* Sources */,
				A2F70D8A2983874A00779DCB /* Frameworks */,
				A2F70D8B2983874A00779DCB /* Resources */,
			);
			buildRules = (
			);
			dependencies = (
				A2F70D8F2983874A00779DCB /* PBXTargetDependency */,
			);
			name = demo03Tests;
			productName = demo03Tests;
			productReference = A2F70D8D2983874A00779DCB /* demo03Tests.xctest */;
			productType = "com.apple.product-type.bundle.unit-test";
		};
		A2F70D962983874A00779DCB /* demo03UITests */ = {
			isa = PBXNativeTarget;
			buildConfigurationList = A2F70DA72983874A00779DCB /* Build configuration list for PBXNativeTarget "demo03UITests" */;
			buildPhases = (
				1B046778A3A52659D48F5886 /* [CP] Check Pods Manifest.lock */,
				A2F70D932983874A00779DCB /* Sources */,
				A2F70D942983874A00779DCB /* Frameworks */,
				A2F70D952983874A00779DCB /* Resources */,
				C07E2C1C0B7113B7F219A0D3 /* [CP] Embed Pods Frameworks */,
			);
			buildRules = (
			);
			dependencies = (
				A2F70D992983874A00779DCB /* PBXTargetDependency */,
			);
			name = demo03UITests;
			productName = demo03UITests;
			productReference = A2F70D972983874A00779DCB /* demo03UITests.xctest */;
			productType = "com.apple.product-type.bundle.ui-testing";
		};
/* End PBXNativeTarget section */

/* Begin PBXProject section */
		A2F70D6F2983874800779DCB /* Project object */ = {
			isa = PBXProject;
			attributes = {
				BuildIndependentTargetsInParallel = 1;
				LastSwiftUpdateCheck = 1420;
				LastUpgradeCheck = 1420;
				TargetAttributes = {
					A2F70D762983874800779DCB = {
						CreatedOnToolsVersion = 14.2;
					};
					A2F70D8C2983874A00779DCB = {
						CreatedOnToolsVersion = 14.2;
						TestTargetID = A2F70D762983874800779DCB;
					};
					A2F70D962983874A00779DCB = {
						CreatedOnToolsVersion = 14.2;
						TestTargetID = A2F70D762983874800779DCB;
					};
				};
			};
			buildConfigurationList = A2F70D722983874800779DCB /* Build configuration list for PBXProject "demo03" */;
			compatibilityVersion = "Xcode 14.0";
			developmentRegion = en;
			hasScannedForEncodings = 0;
			knownRegions = (
				en,
				Base,
			);
			mainGroup = A2F70D6E2983874800779DCB;
			productRefGroup = A2F70D782983874800779DCB /* Products */;
			projectDirPath = "";
			projectRoot = "";
			targets = (
				A2F70D762983874800779DCB /* demo03 */,
				A2F70D8C2983874A00779DCB /* demo03Tests */,
				A2F70D962983874A00779DCB /* demo03UITests */,
			);
		};
/* End PBXProject section */

/* Begin PBXResourcesBuildPhase section */
		A2F70D752983874800779DCB /* Resources */ = {
			isa = PBXResourcesBuildPhase;
			buildActionMask = 2147483647;
			files = (
				A2F70D872983874A00779DCB /* LaunchScreen.storyboard in Resources */,
				A2F70D842983874A00779DCB /* Assets.xcassets in Resources */,
				A2F70D822983874800779DCB /* Main.storyboard in Resources */,
			);
			runOnlyForDeploymentPostprocessing = 0;
		};
		A2F70D8B2983874A00779DCB /* Resources */ = {
			isa = PBXResourcesBuildPhase;
			buildActionMask = 2147483647;
			files = (
			);
			runOnlyForDeploymentPostprocessing = 0;
		};
		A2F70D952983874A00779DCB /* Resources */ = {
			isa = PBXResourcesBuildPhase;
			buildActionMask = 2147483647;
			files = (
			);
			runOnlyForDeploymentPostprocessing = 0;
		};
/* End PBXResourcesBuildPhase section */

/* Begin PBXShellScriptBuildPhase section */
		1B046778A3A52659D48F5886 /* [CP] Check Pods Manifest.lock */ = {
			isa = PBXShellScriptBuildPhase;
			buildActionMask = 2147483647;
			files = (
			);
			inputFileListPaths = (
			);
			inputPaths = (
				"${PODS_PODFILE_DIR_PATH}/Podfile.lock",
				"${PODS_ROOT}/Manifest.lock",
			);
			name = "[CP] Check Pods Manifest.lock";
			outputFileListPaths = (
			);
			outputPaths = (
				"$(DERIVED_FILE_DIR)/Pods-demo03-demo03UITests-checkManifestLockResult.txt",
			);
			runOnlyForDeploymentPostprocessing = 0;
			shellPath = /bin/sh;
			shellScript = "diff \"${PODS_PODFILE_DIR_PATH}/Podfile.lock\" \"${PODS_ROOT}/Manifest.lock\" > /dev/null\nif [ $? != 0 ] ; then\n    # print error to STDERR\n    echo \"error: The sandbox is not in sync with the Podfile.lock. Run 'pod install' or update your CocoaPods installation.\" >&2\n    exit 1\nfi\n# This output is used by Xcode 'outputs' to avoid re-running this script phase.\necho \"SUCCESS\" > \"${SCRIPT_OUTPUT_FILE_0}\"\n";
			showEnvVarsInLog = 0;
		};
		344EC8DB417A012C37301D3B /* [CP] Check Pods Manifest.lock */ = {
			isa = PBXShellScriptBuildPhase;
			buildActionMask = 2147483647;
			files = (
			);
			inputFileListPaths = (
			);
			inputPaths = (
				"${PODS_PODFILE_DIR_PATH}/Podfile.lock",
				"${PODS_ROOT}/Manifest.lock",
			);
			name = "[CP] Check Pods Manifest.lock";
			outputFileListPaths = (
			);
			outputPaths = (
				"$(DERIVED_FILE_DIR)/Pods-demo03-checkManifestLockResult.txt",
			);
			runOnlyForDeploymentPostprocessing = 0;
			shellPath = /bin/sh;
			shellScript = "diff \"${PODS_PODFILE_DIR_PATH}/Podfile.lock\" \"${PODS_ROOT}/Manifest.lock\" > /dev/null\nif [ $? != 0 ] ; then\n    # print error to STDERR\n    echo \"error: The sandbox is not in sync with the Podfile.lock. Run 'pod install' or update your CocoaPods installation.\" >&2\n    exit 1\nfi\n# This output is used by Xcode 'outputs' to avoid re-running this script phase.\necho \"SUCCESS\" > \"${SCRIPT_OUTPUT_FILE_0}\"\n";
			showEnvVarsInLog = 0;
		};
		AE7D3ADCEE1C020F82E87554 /* [CP] Embed Pods Frameworks */ = {
			isa = PBXShellScriptBuildPhase;
			buildActionMask = 2147483647;
			files = (
			);
			inputFileListPaths = (
				"${PODS_ROOT}/Target Support Files/Pods-demo03/Pods-demo03-frameworks-${CONFIGURATION}-input-files.xcfilelist",
			);
			name = "[CP] Embed Pods Frameworks";
			outputFileListPaths = (
				"${PODS_ROOT}/Target Support Files/Pods-demo03/Pods-demo03-frameworks-${CONFIGURATION}-output-files.xcfilelist",
			);
			runOnlyForDeploymentPostprocessing = 0;
			shellPath = /bin/sh;
			shellScript = "\"${PODS_ROOT}/Target Support Files/Pods-demo03/Pods-demo03-frameworks.sh\"\n";
			showEnvVarsInLog = 0;
		};
		BB6143517EC8CA19BEA3F432 /* [CP] Check Pods Manifest.lock */ = {
			isa = PBXShellScriptBuildPhase;
			buildActionMask = 2147483647;
			files = (
			);
			inputFileListPaths = (
			);
			inputPaths = (
				"${PODS_PODFILE_DIR_PATH}/Podfile.lock",
				"${PODS_ROOT}/Manifest.lock",
			);
			name = "[CP] Check Pods Manifest.lock";
			outputFileListPaths = (
			);
			outputPaths = (
				"$(DERIVED_FILE_DIR)/Pods-demo03Tests-checkManifestLockResult.txt",
			);
			runOnlyForDeploymentPostprocessing = 0;
			shellPath = /bin/sh;
			shellScript = "diff \"${PODS_PODFILE_DIR_PATH}/Podfile.lock\" \"${PODS_ROOT}/Manifest.lock\" > /dev/null\nif [ $? != 0 ] ; then\n    # print error to STDERR\n    echo \"error: The sandbox is not in sync with the Podfile.lock. Run 'pod install' or update your CocoaPods installation.\" >&2\n    exit 1\nfi\n# This output is used by Xcode 'outputs' to avoid re-running this script phase.\necho \"SUCCESS\" > \"${SCRIPT_OUTPUT_FILE_0}\"\n";
			showEnvVarsInLog = 0;
		};
		C07E2C1C0B7113B7F219A0D3 /* [CP] Embed Pods Frameworks */ = {
			isa = PBXShellScriptBuildPhase;
			buildActionMask = 2147483647;
			files = (
			);
			inputFileListPaths = (
				"${PODS_ROOT}/Target Support Files/Pods-demo03-demo03UITests/Pods-demo03-demo03UITests-frameworks-${CONFIGURATION}-input-files.xcfilelist",
			);
			name = "[CP] Embed Pods Frameworks";
			outputFileListPaths = (
				"${PODS_ROOT}/Target Support Files/Pods-demo03-demo03UITests/Pods-demo03-demo03UITests-frameworks-${CONFIGURATION}-output-files.xcfilelist",
			);
			runOnlyForDeploymentPostprocessing = 0;
			shellPath = /bin/sh;
			shellScript = "\"${PODS_ROOT}/Target Support Files/Pods-demo03-demo03UITests/Pods-demo03-demo03UITests-frameworks.sh\"\n";
			showEnvVarsInLog = 0;
		};
/* End PBXShellScriptBuildPhase section */

/* Begin PBXSourcesBuildPhase section */
		A2F70D732983874800779DCB /* Sources */ = {
			isa = PBXSourcesBuildPhase;
			buildActionMask = 2147483647;
			files = (
				A20D85BD2990220F0007E370 /* UserTableViewController.swift in Sources */,
				A2F70D7F2983874800779DCB /* ViewController.swift in Sources */,
				A2F70D7B2983874800779DCB /* AppDelegate.swift in Sources */,
				A2F70DAC2983A76600779DCB /* API.swift in Sources */,
				A20D85B929901F210007E370 /* DemoAPI.swift in Sources */,
				A20D85B1298FC7FB0007E370 /* SecondViewController.swift in Sources */,
				A20D85B729901C8E0007E370 /* MySharedData.swift in Sources */,
				A20D85B5298FD6550007E370 /* ChooseDelegate.swift in Sources */,
				A2F70D7D2983874800779DCB /* SceneDelegate.swift in Sources */,
				A20D85B3298FD5D80007E370 /* ChooseViewController.swift in Sources */,
			);
			runOnlyForDeploymentPostprocessing = 0;
		};
		A2F70D892983874A00779DCB /* Sources */ = {
			isa = PBXSourcesBuildPhase;
			buildActionMask = 2147483647;
			files = (
				A2F70D922983874A00779DCB /* demo03Tests.swift in Sources */,
			);
			runOnlyForDeploymentPostprocessing = 0;
		};
		A2F70D932983874A00779DCB /* Sources */ = {
			isa = PBXSourcesBuildPhase;
			buildActionMask = 2147483647;
			files = (
				A2F70D9E2983874A00779DCB /* demo03UITestsLaunchTests.swift in Sources */,
				A2F70D9C2983874A00779DCB /* demo03UITests.swift in Sources */,
				A23951512983D3950054B4C6 /* SnapshotHelper.swift in Sources */,
			);
			runOnlyForDeploymentPostprocessing = 0;
		};
/* End PBXSourcesBuildPhase section */

/* Begin PBXTargetDependency section */
		A2F70D8F2983874A00779DCB /* PBXTargetDependency */ = {
			isa = PBXTargetDependency;
			target = A2F70D762983874800779DCB /* demo03 */;
			targetProxy = A2F70D8E2983874A00779DCB /* PBXContainerItemProxy */;
		};
		A2F70D992983874A00779DCB /* PBXTargetDependency */ = {
			isa = PBXTargetDependency;
			target = A2F70D762983874800779DCB /* demo03 */;
			targetProxy = A2F70D982983874A00779DCB /* PBXContainerItemProxy */;
		};
/* End PBXTargetDependency section */

/* Begin PBXVariantGroup section */
		A2F70D802983874800779DCB /* Main.storyboard */ = {
			isa = PBXVariantGroup;
			children = (
				A2F70D812983874800779DCB /* Base */,
			);
			name = Main.storyboard;
			sourceTree = "<group>";
		};
		A2F70D852983874A00779DCB /* LaunchScreen.storyboard */ = {
			isa = PBXVariantGroup;
			children = (
				A2F70D862983874A00779DCB /* Base */,
			);
			name = LaunchScreen.storyboard;
			sourceTree = "<group>";
		};
/* End PBXVariantGroup section */

/* Begin XCBuildConfiguration section */
		A2F70D9F2983874A00779DCB /* Debug */ = {
			isa = XCBuildConfiguration;
			buildSettings = {
				ALWAYS_SEARCH_USER_PATHS = NO;
				CLANG_ANALYZER_NONNULL = YES;
				CLANG_ANALYZER_NUMBER_OBJECT_CONVERSION = YES_AGGRESSIVE;
				CLANG_CXX_LANGUAGE_STANDARD = "gnu++20";
				CLANG_ENABLE_MODULES = YES;
				CLANG_ENABLE_OBJC_ARC = YES;
				CLANG_ENABLE_OBJC_WEAK = YES;
				CLANG_WARN_BLOCK_CAPTURE_AUTORELEASING = YES;
				CLANG_WARN_BOOL_CONVERSION = YES;
				CLANG_WARN_COMMA = YES;
				CLANG_WARN_CONSTANT_CONVERSION = YES;
				CLANG_WARN_DEPRECATED_OBJC_IMPLEMENTATIONS = YES;
				CLANG_WARN_DIRECT_OBJC_ISA_USAGE = YES_ERROR;
				CLANG_WARN_DOCUMENTATION_COMMENTS = YES;
				CLANG_WARN_EMPTY_BODY = YES;
				CLANG_WARN_ENUM_CONVERSION = YES;
				CLANG_WARN_INFINITE_RECURSION = YES;
				CLANG_WARN_INT_CONVERSION = YES;
				CLANG_WARN_NON_LITERAL_NULL_CONVERSION = YES;
				CLANG_WARN_OBJC_IMPLICIT_RETAIN_SELF = YES;
				CLANG_WARN_OBJC_LITERAL_CONVERSION = YES;
				CLANG_WARN_OBJC_ROOT_CLASS = YES_ERROR;
				CLANG_WARN_QUOTED_INCLUDE_IN_FRAMEWORK_HEADER = YES;
				CLANG_WARN_RANGE_LOOP_ANALYSIS = YES;
				CLANG_WARN_STRICT_PROTOTYPES = YES;
				CLANG_WARN_SUSPICIOUS_MOVE = YES;
				CLANG_WARN_UNGUARDED_AVAILABILITY = YES_AGGRESSIVE;
				CLANG_WARN_UNREACHABLE_CODE = YES;
				CLANG_WARN__DUPLICATE_METHOD_MATCH = YES;
				COPY_PHASE_STRIP = NO;
				DEBUG_INFORMATION_FORMAT = dwarf;
				ENABLE_STRICT_OBJC_MSGSEND = YES;
				ENABLE_TESTABILITY = YES;
				GCC_C_LANGUAGE_STANDARD = gnu11;
				GCC_DYNAMIC_NO_PIC = NO;
				GCC_NO_COMMON_BLOCKS = YES;
				GCC_OPTIMIZATION_LEVEL = 0;
				GCC_PREPROCESSOR_DEFINITIONS = (
					"DEBUG=1",
					"$(inherited)",
				);
				GCC_WARN_64_TO_32_BIT_CONVERSION = YES;
				GCC_WARN_ABOUT_RETURN_TYPE = YES_ERROR;
				GCC_WARN_UNDECLARED_SELECTOR = YES;
				GCC_WARN_UNINITIALIZED_AUTOS = YES_AGGRESSIVE;
				GCC_WARN_UNUSED_FUNCTION = YES;
				GCC_WARN_UNUSED_VARIABLE = YES;
				IPHONEOS_DEPLOYMENT_TARGET = 16.2;
				MTL_ENABLE_DEBUG_INFO = INCLUDE_SOURCE;
				MTL_FAST_MATH = YES;
				ONLY_ACTIVE_ARCH = YES;
				SDKROOT = iphoneos;
				SWIFT_ACTIVE_COMPILATION_CONDITIONS = DEBUG;
				SWIFT_OPTIMIZATION_LEVEL = "-Onone";
			};
			name = Debug;
		};
		A2F70DA02983874A00779DCB /* Release */ = {
			isa = XCBuildConfiguration;
			buildSettings = {
				ALWAYS_SEARCH_USER_PATHS = NO;
				CLANG_ANALYZER_NONNULL = YES;
				CLANG_ANALYZER_NUMBER_OBJECT_CONVERSION = YES_AGGRESSIVE;
				CLANG_CXX_LANGUAGE_STANDARD = "gnu++20";
				CLANG_ENABLE_MODULES = YES;
				CLANG_ENABLE_OBJC_ARC = YES;
				CLANG_ENABLE_OBJC_WEAK = YES;
				CLANG_WARN_BLOCK_CAPTURE_AUTORELEASING = YES;
				CLANG_WARN_BOOL_CONVERSION = YES;
				CLANG_WARN_COMMA = YES;
				CLANG_WARN_CONSTANT_CONVERSION = YES;
				CLANG_WARN_DEPRECATED_OBJC_IMPLEMENTATIONS = YES;
				CLANG_WARN_DIRECT_OBJC_ISA_USAGE = YES_ERROR;
				CLANG_WARN_DOCUMENTATION_COMMENTS = YES;
				CLANG_WARN_EMPTY_BODY = YES;
				CLANG_WARN_ENUM_CONVERSION = YES;
				CLANG_WARN_INFINITE_RECURSION = YES;
				CLANG_WARN_INT_CONVERSION = YES;
				CLANG_WARN_NON_LITERAL_NULL_CONVERSION = YES;
				CLANG_WARN_OBJC_IMPLICIT_RETAIN_SELF = YES;
				CLANG_WARN_OBJC_LITERAL_CONVERSION = YES;
				CLANG_WARN_OBJC_ROOT_CLASS = YES_ERROR;
				CLANG_WARN_QUOTED_INCLUDE_IN_FRAMEWORK_HEADER = YES;
				CLANG_WARN_RANGE_LOOP_ANALYSIS = YES;
				CLANG_WARN_STRICT_PROTOTYPES = YES;
				CLANG_WARN_SUSPICIOUS_MOVE = YES;
				CLANG_WARN_UNGUARDED_AVAILABILITY = YES_AGGRESSIVE;
				CLANG_WARN_UNREACHABLE_CODE = YES;
				CLANG_WARN__DUPLICATE_METHOD_MATCH = YES;
				COPY_PHASE_STRIP = NO;
				DEBUG_INFORMATION_FORMAT = "dwarf-with-dsym";
				ENABLE_NS_ASSERTIONS = NO;
				ENABLE_STRICT_OBJC_MSGSEND = YES;
				GCC_C_LANGUAGE_STANDARD = gnu11;
				GCC_NO_COMMON_BLOCKS = YES;
				GCC_WARN_64_TO_32_BIT_CONVERSION = YES;
				GCC_WARN_ABOUT_RETURN_TYPE = YES_ERROR;
				GCC_WARN_UNDECLARED_SELECTOR = YES;
				GCC_WARN_UNINITIALIZED_AUTOS = YES_AGGRESSIVE;
				GCC_WARN_UNUSED_FUNCTION = YES;
				GCC_WARN_UNUSED_VARIABLE = YES;
				IPHONEOS_DEPLOYMENT_TARGET = 16.2;
				MTL_ENABLE_DEBUG_INFO = NO;
				MTL_FAST_MATH = YES;
				SDKROOT = iphoneos;
				SWIFT_COMPILATION_MODE = wholemodule;
				SWIFT_OPTIMIZATION_LEVEL = "-O";
				VALIDATE_PRODUCT = YES;
			};
			name = Release;
		};
		A2F70DA22983874A00779DCB /* Debug */ = {
			isa = XCBuildConfiguration;
			baseConfigurationReference = 57759EB73E0FA401A00F7983 /* Pods-demo03.debug.xcconfig */;
			buildSettings = {
				ASSETCATALOG_COMPILER_APPICON_NAME = AppIcon;
				ASSETCATALOG_COMPILER_GLOBAL_ACCENT_COLOR_NAME = AccentColor;
				CODE_SIGN_STYLE = Automatic;
				CURRENT_PROJECT_VERSION = 1;
				DEVELOPMENT_TEAM = 3E58HZ3BUZ;
				GENERATE_INFOPLIST_FILE = YES;
				INFOPLIST_FILE = demo03/Info.plist;
				INFOPLIST_KEY_UIApplicationSupportsIndirectInputEvents = YES;
				INFOPLIST_KEY_UILaunchStoryboardName = LaunchScreen;
				INFOPLIST_KEY_UIMainStoryboardFile = Main;
				INFOPLIST_KEY_UISupportedInterfaceOrientations_iPad = "UIInterfaceOrientationPortrait UIInterfaceOrientationPortraitUpsideDown UIInterfaceOrientationLandscapeLeft UIInterfaceOrientationLandscapeRight";
				INFOPLIST_KEY_UISupportedInterfaceOrientations_iPhone = "UIInterfaceOrientationPortrait UIInterfaceOrientationLandscapeLeft UIInterfaceOrientationLandscapeRight";
				LD_RUNPATH_SEARCH_PATHS = (
					"$(inherited)",
					"@executable_path/Frameworks",
				);
				MARKETING_VERSION = 1.0;
				PRODUCT_BUNDLE_IDENTIFIER = test.demo03;
				PRODUCT_NAME = "$(TARGET_NAME)";
				SWIFT_EMIT_LOC_STRINGS = YES;
				SWIFT_VERSION = 5.0;
				TARGETED_DEVICE_FAMILY = "1,2";
			};
			name = Debug;
		};
		A2F70DA32983874A00779DCB /* Release */ = {
			isa = XCBuildConfiguration;
			baseConfigurationReference = 3021256DA8D50E2C78B7F88E /* Pods-demo03.release.xcconfig */;
			buildSettings = {
				ASSETCATALOG_COMPILER_APPICON_NAME = AppIcon;
				ASSETCATALOG_COMPILER_GLOBAL_ACCENT_COLOR_NAME = AccentColor;
				CODE_SIGN_STYLE = Automatic;
				CURRENT_PROJECT_VERSION = 1;
				DEVELOPMENT_TEAM = 3E58HZ3BUZ;
				GENERATE_INFOPLIST_FILE = YES;
				INFOPLIST_FILE = demo03/Info.plist;
				INFOPLIST_KEY_UIApplicationSupportsIndirectInputEvents = YES;
				INFOPLIST_KEY_UILaunchStoryboardName = LaunchScreen;
				INFOPLIST_KEY_UIMainStoryboardFile = Main;
				INFOPLIST_KEY_UISupportedInterfaceOrientations_iPad = "UIInterfaceOrientationPortrait UIInterfaceOrientationPortraitUpsideDown UIInterfaceOrientationLandscapeLeft UIInterfaceOrientationLandscapeRight";
				INFOPLIST_KEY_UISupportedInterfaceOrientations_iPhone = "UIInterfaceOrientationPortrait UIInterfaceOrientationLandscapeLeft UIInterfaceOrientationLandscapeRight";
				LD_RUNPATH_SEARCH_PATHS = (
					"$(inherited)",
					"@executable_path/Frameworks",
				);
				MARKETING_VERSION = 1.0;
				PRODUCT_BUNDLE_IDENTIFIER = test.demo03;
				PRODUCT_NAME = "$(TARGET_NAME)";
				SWIFT_EMIT_LOC_STRINGS = YES;
				SWIFT_VERSION = 5.0;
				TARGETED_DEVICE_FAMILY = "1,2";
			};
			name = Release;
		};
		A2F70DA52983874A00779DCB /* Debug */ = {
			isa = XCBuildConfiguration;
			baseConfigurationReference = 9B4EDB9F967CD5A7202FFDEC /* Pods-demo03Tests.debug.xcconfig */;
			buildSettings = {
				ALWAYS_EMBED_SWIFT_STANDARD_LIBRARIES = YES;
				BUNDLE_LOADER = "$(TEST_HOST)";
				CODE_SIGN_STYLE = Automatic;
				CURRENT_PROJECT_VERSION = 1;
				DEVELOPMENT_TEAM = 3E58HZ3BUZ;
				GENERATE_INFOPLIST_FILE = YES;
				IPHONEOS_DEPLOYMENT_TARGET = 16.2;
				MARKETING_VERSION = 1.0;
				PRODUCT_BUNDLE_IDENTIFIER = test.demo03Tests;
				PRODUCT_NAME = "$(TARGET_NAME)";
				SWIFT_EMIT_LOC_STRINGS = NO;
				SWIFT_VERSION = 5.0;
				TARGETED_DEVICE_FAMILY = "1,2";
				TEST_HOST = "$(BUILT_PRODUCTS_DIR)/demo03.app/$(BUNDLE_EXECUTABLE_FOLDER_PATH)/demo03";
			};
			name = Debug;
		};
		A2F70DA62983874A00779DCB /* Release */ = {
			isa = XCBuildConfiguration;
			baseConfigurationReference = 893718FCA0129BC7D11154E8 /* Pods-demo03Tests.release.xcconfig */;
			buildSettings = {
				ALWAYS_EMBED_SWIFT_STANDARD_LIBRARIES = YES;
				BUNDLE_LOADER = "$(TEST_HOST)";
				CODE_SIGN_STYLE = Automatic;
				CURRENT_PROJECT_VERSION = 1;
				DEVELOPMENT_TEAM = 3E58HZ3BUZ;
				GENERATE_INFOPLIST_FILE = YES;
				IPHONEOS_DEPLOYMENT_TARGET = 16.2;
				MARKETING_VERSION = 1.0;
				PRODUCT_BUNDLE_IDENTIFIER = test.demo03Tests;
				PRODUCT_NAME = "$(TARGET_NAME)";
				SWIFT_EMIT_LOC_STRINGS = NO;
				SWIFT_VERSION = 5.0;
				TARGETED_DEVICE_FAMILY = "1,2";
				TEST_HOST = "$(BUILT_PRODUCTS_DIR)/demo03.app/$(BUNDLE_EXECUTABLE_FOLDER_PATH)/demo03";
			};
			name = Release;
		};
		A2F70DA82983874A00779DCB /* Debug */ = {
			isa = XCBuildConfiguration;
			baseConfigurationReference = 237A29832982AE7404EFF42B /* Pods-demo03-demo03UITests.debug.xcconfig */;
			buildSettings = {
				ALWAYS_EMBED_SWIFT_STANDARD_LIBRARIES = YES;
				CODE_SIGN_STYLE = Automatic;
				CURRENT_PROJECT_VERSION = 1;
				DEVELOPMENT_TEAM = 3E58HZ3BUZ;
				GENERATE_INFOPLIST_FILE = YES;
				MARKETING_VERSION = 1.0;
				PRODUCT_BUNDLE_IDENTIFIER = test.demo03UITests;
				PRODUCT_NAME = "$(TARGET_NAME)";
				SWIFT_EMIT_LOC_STRINGS = NO;
				SWIFT_VERSION = 5.0;
				TARGETED_DEVICE_FAMILY = "1,2";
				TEST_TARGET_NAME = demo03;
			};
			name = Debug;
		};
		A2F70DA92983874A00779DCB /* Release */ = {
			isa = XCBuildConfiguration;
			baseConfigurationReference = 28D179187E9DF46D5E999DD7 /* Pods-demo03-demo03UITests.release.xcconfig */;
			buildSettings = {
				ALWAYS_EMBED_SWIFT_STANDARD_LIBRARIES = YES;
				CODE_SIGN_STYLE = Automatic;
				CURRENT_PROJECT_VERSION = 1;
				DEVELOPMENT_TEAM = 3E58HZ3BUZ;
				GENERATE_INFOPLIST_FILE = YES;
				MARKETING_VERSION = 1.0;
				PRODUCT_BUNDLE_IDENTIFIER = test.demo03UITests;
				PRODUCT_NAME = "$(TARGET_NAME)";
				SWIFT_EMIT_LOC_STRINGS = NO;
				SWIFT_VERSION = 5.0;
				TARGETED_DEVICE_FAMILY = "1,2";
				TEST_TARGET_NAME = demo03;
			};
			name = Release;
		};
/* End XCBuildConfiguration section */

/* Begin XCConfigurationList section */
		A2F70D722983874800779DCB /* Build configuration list for PBXProject "demo03" */ = {
			isa = XCConfigurationList;
			buildConfigurations = (
				A2F70D9F2983874A00779DCB /* Debug */,
				A2F70DA02983874A00779DCB /* Release */,
			);
			defaultConfigurationIsVisible = 0;
			defaultConfigurationName = Release;
		};
		A2F70DA12983874A00779DCB /* Build configuration list for PBXNativeTarget "demo03" */ = {
			isa = XCConfigurationList;
			buildConfigurations = (
				A2F70DA22983874A00779DCB /* Debug */,
				A2F70DA32983874A00779DCB /* Release */,
			);
			defaultConfigurationIsVisible = 0;
			defaultConfigurationName = Release;
		};
		A2F70DA42983874A00779DCB /* Build configuration list for PBXNativeTarget "demo03Tests" */ = {
			isa = XCConfigurationList;
			buildConfigurations = (
				A2F70DA52983874A00779DCB /* Debug */,
				A2F70DA62983874A00779DCB /* Release */,
			);
			defaultConfigurationIsVisible = 0;
			defaultConfigurationName = Release;
		};
		A2F70DA72983874A00779DCB /* Build configuration list for PBXNativeTarget "demo03UITests" */ = {
			isa = XCConfigurationList;
			buildConfigurations = (
				A2F70DA82983874A00779DCB /* Debug */,
				A2F70DA92983874A00779DCB /* Release */,
			);
			defaultConfigurationIsVisible = 0;
			defaultConfigurationName = Release;
		};
/* End XCConfigurationList section */
	};
	rootObject = A2F70D6F2983874800779DCB /* Project object */;
}
